{
  "name": "sarahendren",
  "version": "1.0.0",
  "lockfileVersion": 1,
  "requires": true,
  "dependencies": {
    "flexboxgrid-sass": {
      "version": "8.0.5",
      "resolved": "https://registry.npmjs.org/flexboxgrid-sass/-/flexboxgrid-sass-8.0.5.tgz",
      "integrity": "sha1-GAJ7x6kvmM6HdyXLNvAXO9HnTxc=",
      "requires": {
        "sass-flex-mixin": "^1.0.3"
      }
    },
    "fluid-resolve": {
      "version": "1.2.0",
      "resolved": "https://registry.npmjs.org/fluid-resolve/-/fluid-resolve-1.2.0.tgz",
      "integrity": "sha1-m/Dz5HqE1ZHUzMX82kkJ366iNZA="
    },
    "infusion": {
      "version": "2.0.0",
      "resolved": "http://registry.npmjs.org/infusion/-/infusion-2.0.0.tgz",
      "integrity": "sha1-GeSVlOiTg32qwgd0yNJhuFvQ20w=",
      "requires": {
        "fluid-resolve": "1.2.0"
      }
    },
    "list.js": {
      "version": "1.5.0",
      "resolved": "https://registry.npmjs.org/list.js/-/list.js-1.5.0.tgz",
      "integrity": "sha1-pMv8goHd78Av2y0wyHSL+uJfvNo=",
      "requires": {
        "string-natural-compare": "^2.0.2"
      }
    },
    "sass-flex-mixin": {
      "version": "1.0.3",
      "resolved": "https://registry.npmjs.org/sass-flex-mixin/-/sass-flex-mixin-1.0.3.tgz",
      "integrity": "sha1-pQTWIGL3sOdzrrw5XeH0WqpuT9A="
    },
    "string-natural-compare": {
      "version": "2.0.3",
      "resolved": "https://registry.npmjs.org/string-natural-compare/-/string-natural-compare-2.0.3.tgz",
      "integrity": "sha512-4Kcl12rNjc+6EKhY8QyDVuQTAlMWwRiNbsxnVwBUKFr7dYPQuXVrtNU4sEkjF9LHY0AY6uVbB3ktbkIH4LC+BQ=="
    }
  }
}
